
Microsoft Visual Studio Solution File, Format Version 12.00
# Visual Studio Version 17
VisualStudioVersion = 17.9.34728.123
MinimumVisualStudioVersion = 10.0.40219.1
Project("{FAE04EC0-301F-11D3-BF4B-00C04F79EFBC}") = "TaskMaster.Api", "TaskMaster.Api\TaskMaster.Api.csproj", "{C57775D8-642C-480F-B4CA-60CD0B63A2A4}"
EndProject
Project("{FAE04EC0-301F-11D3-BF4B-00C04F79EFBC}") = "TaskMaster.Domain", "TaskMaster.Domain\TaskMaster.Domain.csproj", "{86284113-5C6C-48CA-B4B3-3DE010798942}"
EndProject
Global
	GlobalSection(SolutionConfigurationPlatforms) = preSolution
		Debug|Any CPU = Debug|Any CPU
		Release|Any CPU = Release|Any CPU
	EndGlobalSection
	GlobalSection(ProjectConfigurationPlatforms) = postSolution
		{C57775D8-642C-480F-B4CA-60CD0B63A2A4}.Debug|Any CPU.ActiveCfg = Debug|Any CPU
		{C57775D8-642C-480F-B4CA-60CD0B63A2A4}.Debug|Any CPU.Build.0 = Debug|Any CPU
		{C57775D8-642C-480F-B4CA-60CD0B63A2A4}.Release|Any CPU.ActiveCfg = Release|Any CPU
		{C57775D8-642C-480F-B4CA-60CD0B63A2A4}.Release|Any CPU.Build.0 = Release|Any CPU
		{86284113-5C6C-48CA-B4B3-3DE010798942}.Debug|Any CPU.ActiveCfg = Debug|Any CPU
		{86284113-5C6C-48CA-B4B3-3DE010798942}.Debug|Any CPU.Build.0 = Debug|Any CPU
		{86284113-5C6C-48CA-B4B3-3DE010798942}.Release|Any CPU.ActiveCfg = Release|Any CPU
		{86284113-5C6C-48CA-B4B3-3DE010798942}.Release|Any CPU.Build.0 = Release|Any CPU
	EndGlobalSection
	GlobalSection(SolutionProperties) = preSolution
		HideSolutionNode = FALSE
	EndGlobalSection
	GlobalSection(ExtensibilityGlobals) = postSolution
		SolutionGuid = {0EFC968B-A550-4865-97B1-E79584FD791F}
	EndGlobalSection
EndGlobal
